
Microsoft Visual Studio Solution File, Format Version 12.00
# Visual Studio Version 17
VisualStudioVersion = 17.0.31912.275
MinimumVisualStudioVersion = 10.0.40219.1
Project("{FAE04EC0-301F-11D3-BF4B-00C04F79EFBC}") = "Database.Build", "Database.Build\Database.Build.csproj", "{1496C811-1823-4A81-82B0-625993122387}"
EndProject
Global
	GlobalSection(SolutionConfigurationPlatforms) = preSolution
		Debug|Any CPU = Debug|Any CPU
		Release|Any CPU = Release|Any CPU
	EndGlobalSection
	GlobalSection(ProjectConfigurationPlatforms) = postSolution
		{1496C811-1823-4A81-82B0-625993122387}.Debug|Any CPU.ActiveCfg = Debug|Any CPU
		{1496C811-1823-4A81-82B0-625993122387}.Debug|Any CPU.Build.0 = Debug|Any CPU
		{1496C811-1823-4A81-82B0-625993122387}.Release|Any CPU.ActiveCfg = Release|Any CPU
		{1496C811-1823-4A81-82B0-625993122387}.Release|Any CPU.Build.0 = Release|Any CPU
	EndGlobalSection
	GlobalSection(SolutionProperties) = preSolution
		HideSolutionNode = FALSE
	EndGlobalSection
	GlobalSection(ExtensibilityGlobals) = postSolution
		SolutionGuid = {CB9A41AE-D110-4A5C-BC27-AEAC604EFE75}
	EndGlobalSection
EndGlobal
